
Microsoft Visual Studio Solution File, Format Version 12.00
# Visual Studio Version 17
VisualStudioVersion = 17.6.33815.320
MinimumVisualStudioVersion = 10.0.40219.1
Project("{FAE04EC0-301F-11D3-BF4B-00C04F79EFBC}") = "ConsoleApp_Calc", "ConsoleApp_Calc.csproj", "{DA7C6EA7-B805-4FAA-B890-FFC6958AB01C}"
EndProject
Global
	GlobalSection(SolutionConfigurationPlatforms) = preSolution
		Debug|Any CPU = Debug|Any CPU
		Release|Any CPU = Release|Any CPU
	EndGlobalSection
	GlobalSection(ProjectConfigurationPlatforms) = postSolution
		{DA7C6EA7-B805-4FAA-B890-FFC6958AB01C}.Debug|Any CPU.ActiveCfg = Debug|Any CPU
		{DA7C6EA7-B805-4FAA-B890-FFC6958AB01C}.Debug|Any CPU.Build.0 = Debug|Any CPU
		{DA7C6EA7-B805-4FAA-B890-FFC6958AB01C}.Release|Any CPU.ActiveCfg = Release|Any CPU
		{DA7C6EA7-B805-4FAA-B890-FFC6958AB01C}.Release|Any CPU.Build.0 = Release|Any CPU
	EndGlobalSection
	GlobalSection(SolutionProperties) = preSolution
		HideSolutionNode = FALSE
	EndGlobalSection
	GlobalSection(ExtensibilityGlobals) = postSolution
		SolutionGuid = {2600DA7B-0FF2-459B-ADE7-8B4D60B6FD05}
	EndGlobalSection
EndGlobal
